{
  "name": "waya-dever",
  "version": "0.0.15",
  "lockfileVersion": 1,
  "requires": true,
  "dependencies": {
    "@babel/parser": {
      "version": "7.6.4",
      "resolved": "https://registry.npmjs.org/@babel/parser/-/parser-7.6.4.tgz",
      "integrity": "sha512-D8RHPW5qd0Vbyo3qb+YjO5nvUVRTXFLQ/FsDxJU2Nqz4uB5EnUN0ZQSEYpvTIbRuttig1XbHWU5oMeQwQSAA+A==",
      "dev": true
    },
    "@babel/types": {
      "version": "7.6.3",
      "resolved": "https://registry.npmjs.org/@babel/types/-/types-7.6.3.tgz",
      "integrity": "sha512-CqbcpTxMcpuQTMhjI37ZHVgjBkysg5icREQIEZ0eG1yCNwg3oy+5AaLiOKmjsCj6nqOsa6Hf0ObjRVwokb7srA==",
      "dev": true,
      "requires": {
        "esutils": "^2.0.2",
        "lodash": "^4.17.13",
        "to-fast-properties": "^2.0.0"
      }
    },
    "@csstools/convert-colors": {
      "version": "1.4.0",
      "resolved": "https://registry.npmjs.org/@csstools/convert-colors/-/convert-colors-1.4.0.tgz",
      "integrity": "sha512-5a6wqoJV/xEdbRNKVo6I4hO3VjyDq//8q2f9I6PBAvMesJHFauXDorcNCsr9RzvsZnaWi5NYCcfyqP1QeFHFbw=="
    },
    "@types/anymatch": {
      "version": "1.3.1",
      "resolved": "https://registry.npmjs.org/@types/anymatch/-/anymatch-1.3.1.tgz",
      "integrity": "sha512-/+CRPXpBDpo2RK9C68N3b2cOvO0Cf5B9aPijHsoDQTHivnGSObdOF2BRQOYjojWTDy6nQvMjmqRXIxH55VjxxA==",
      "dev": true
    },
    "@types/babel__core": {
      "version": "7.1.3",
      "resolved": "https://registry.npmjs.org/@types/babel__core/-/babel__core-7.1.3.tgz",
      "integrity": "sha512-8fBo0UR2CcwWxeX7WIIgJ7lXjasFxoYgRnFHUj+hRvKkpiBJbxhdAPTCY6/ZKM0uxANFVzt4yObSLuTiTnazDA==",
      "dev": true,
      "requires": {
        "@babel/parser": "^7.1.0",
        "@babel/types": "^7.0.0",
        "@types/babel__generator": "*",
        "@types/babel__template": "*",
        "@types/babel__traverse": "*"
      }
    },
    "@types/babel__generator": {
      "version": "7.6.0",
      "resolved": "https://registry.npmjs.org/@types/babel__generator/-/babel__generator-7.6.0.tgz",
      "integrity": "sha512-c1mZUu4up5cp9KROs/QAw0gTeHrw/x7m52LcnvMxxOZ03DmLwPV0MlGmlgzV3cnSdjhJOZsj7E7FHeioai+egw==",
      "dev": true,
      "requires": {
        "@babel/types": "^7.0.0"
      }
    },
    "@types/babel__template": {
      "version": "7.0.2",
      "resolved": "https://registry.npmjs.org/@types/babel__template/-/babel__template-7.0.2.tgz",
      "integrity": "sha512-/K6zCpeW7Imzgab2bLkLEbz0+1JlFSrUMdw7KoIIu+IUdu51GWaBZpd3y1VXGVXzynvGa4DaIaxNZHiON3GXUg==",
      "dev": true,
      "requires": {
        "@babel/parser": "^7.1.0",
        "@babel/types": "^7.0.0"
      }
    },
    "@types/babel__traverse": {
      "version": "7.0.7",
      "resolved": "https://registry.npmjs.org/@types/babel__traverse/-/babel__traverse-7.0.7.tgz",
      "integrity": "sha512-CeBpmX1J8kWLcDEnI3Cl2Eo6RfbGvzUctA+CjZUhOKDFbLfcr7fc4usEqLNWetrlJd7RhAkyYe2czXop4fICpw==",
      "dev": true,
      "requires": {
        "@babel/types": "^7.3.0"
      }
    },
    "@types/body-parser": {
      "version": "1.17.1",
      "resolved": "https://registry.npmjs.org/@types/body-parser/-/body-parser-1.17.1.tgz",
      "integrity": "sha512-RoX2EZjMiFMjZh9lmYrwgoP9RTpAjSHiJxdp4oidAQVO02T7HER3xj9UKue5534ULWeqVEkujhWcyvUce+d68w==",
      "dev": true,
      "requires": {
        "@types/connect": "*",
        "@types/node": "*"
      }
    },
    "@types/clean-css": {
      "version": "4.2.1",
      "resolved": "https://registry.npmjs.org/@types/clean-css/-/clean-css-4.2.1.tgz",
      "integrity": "sha512-A1HQhQ0hkvqqByJMgg+Wiv9p9XdoYEzuwm11SVo1mX2/4PSdhjcrUlilJQoqLscIheC51t1D5g+EFWCXZ2VTQQ==",
      "dev": true,
      "requires": {
        "@types/node": "*"
      }
    },
    "@types/connect": {
      "version": "3.4.32",
      "resolved": "https://registry.npmjs.org/@types/connect/-/connect-3.4.32.tgz",
      "integrity": "sha512-4r8qa0quOvh7lGD0pre62CAb1oni1OO6ecJLGCezTmhQ8Fz50Arx9RUszryR8KlgK6avuSXvviL6yWyViQABOg==",
      "dev": true,
      "requires": {
        "@types/node": "*"
      }
    },
    "@types/connect-history-api-fallback": {
      "version": "1.3.3",
      "resolved": "https://registry.npmjs.org/@types/connect-history-api-fallback/-/connect-history-api-fallback-1.3.3.tgz",
      "integrity": "sha512-7SxFCd+FLlxCfwVwbyPxbR4khL9aNikJhrorw8nUIOqeuooc9gifBuDQOJw5kzN7i6i3vLn9G8Wde/4QDihpYw==",
      "dev": true,
      "requires": {
        "@types/express-serve-static-core": "*",
        "@types/node": "*"
      }
    },
    "@types/express": {
      "version": "4.17.1",
      "resolved": "https://registry.npmjs.org/@types/express/-/express-4.17.1.tgz",
      "integrity": "sha512-VfH/XCP0QbQk5B5puLqTLEeFgR8lfCJHZJKkInZ9mkYd+u8byX0kztXEQxEk4wZXJs8HI+7km2ALXjn4YKcX9w==",
      "dev": true,
      "requires": {
        "@types/body-parser": "*",
        "@types/express-serve-static-core": "*",
        "@types/serve-static": "*"
      }
    },
    "@types/express-serve-static-core": {
      "version": "4.16.9",
      "resolved": "https://registry.npmjs.org/@types/express-serve-static-core/-/express-serve-static-core-4.16.9.tgz",
      "integrity": "sha512-GqpaVWR0DM8FnRUJYKlWgyARoBUAVfRIeVDZQKOttLFp5SmhhF9YFIYeTPwMd/AXfxlP7xVO2dj1fGu0Q+krKQ==",
      "dev": true,
      "requires": {
        "@types/node": "*",
        "@types/range-parser": "*"
      }
    },
    "@types/html-minifier": {
      "version": "3.5.3",
      "resolved": "https://registry.npmjs.org/@types/html-minifier/-/html-minifier-3.5.3.tgz",
      "integrity": "sha512-j1P/4PcWVVCPEy5lofcHnQ6BtXz9tHGiFPWzqm7TtGuWZEfCHEP446HlkSNc9fQgNJaJZ6ewPtp2aaFla/Uerg==",
      "dev": true,
      "requires": {
        "@types/clean-css": "*",
        "@types/relateurl": "*",
        "@types/uglify-js": "*"
      }
    },
    "@types/html-webpack-plugin": {
      "version": "3.2.1",
      "resolved": "https://registry.npmjs.org/@types/html-webpack-plugin/-/html-webpack-plugin-3.2.1.tgz",
      "integrity": "sha512-H8Pj1/Urx6qlUednZpNsveDVUsO63gQdu5DLaAf9t7iG0iyK0OS4XKFG5v1PSG1Nek9S65BrPrKt8DfEib02ng==",
      "dev": true,
      "requires": {
        "@types/html-minifier": "*",
        "@types/tapable": "*",
        "@types/webpack": "*"
      }
    },
    "@types/html-webpack-template": {
      "version": "6.0.3",
      "resolved": "https://registry.npmjs.org/@types/html-webpack-template/-/html-webpack-template-6.0.3.tgz",
      "integrity": "sha512-JP68iB1sYf9XhNZ969S2ehdOVFgyqJMoF/h5a13xXVkpL06QIwNpbT6iNoQvoPOa2Fz1bof7+MMv62HS3Qsy4g==",
      "dev": true,
      "requires": {
        "@types/html-webpack-plugin": "*"
      }
    },
    "@types/http-proxy": {
      "version": "1.17.0",
      "resolved": "https://registry.npmjs.org/@types/http-proxy/-/http-proxy-1.17.0.tgz",
      "integrity": "sha512-l+s0IoxSHqhLFJPDHRfO235kgrCkvFD8JmdV/T9C4BKBYPIjrQopGFH4r7h2e3jQqgJRCthRCAZIxDoFnj1zwQ==",
      "dev": true,
      "requires": {
        "@types/node": "*"
      }
    },
    "@types/http-proxy-middleware": {
      "version": "0.19.3",
      "resolved": "https://registry.npmjs.org/@types/http-proxy-middleware/-/http-proxy-middleware-0.19.3.tgz",
      "integrity": "sha512-lnBTx6HCOUeIJMLbI/LaL5EmdKLhczJY5oeXZpX/cXE4rRqb3RmV7VcMpiEfYkmTjipv3h7IAyIINe4plEv7cA==",
      "dev": true,
      "requires": {
        "@types/connect": "*",
        "@types/http-proxy": "*",
        "@types/node": "*"
      }
    },
    "@types/loader-utils": {
      "version": "1.1.3",
      "resolved": "https://registry.npmjs.org/@types/loader-utils/-/loader-utils-1.1.3.tgz",
      "integrity": "sha512-euKGFr2oCB3ASBwG39CYJMR3N9T0nanVqXdiH7Zu/Nqddt6SmFRxytq/i2w9LQYNQekEtGBz+pE3qG6fQTNvRg==",
      "dev": true,
      "requires": {
        "@types/node": "*",
        "@types/webpack": "*"
      }
    },
    "@types/mime": {
      "version": "2.0.1",
      "resolved": "https://registry.npmjs.org/@types/mime/-/mime-2.0.1.tgz",
      "integrity": "sha512-FwI9gX75FgVBJ7ywgnq/P7tw+/o1GUbtP0KzbtusLigAOgIgNISRK0ZPl4qertvXSIE8YbsVJueQ90cDt9YYyw==",
      "dev": true
    },
    "@types/node": {
      "version": "12.7.11",
      "resolved": "https://registry.npmjs.org/@types/node/-/node-12.7.11.tgz",
      "integrity": "sha512-Otxmr2rrZLKRYIybtdG/sgeO+tHY20GxeDjcGmUnmmlCWyEnv2a2x1ZXBo3BTec4OiTXMQCiazB8NMBf0iRlFw==",
      "dev": true
    },
    "@types/node-sass": {
      "version": "4.11.0",
      "resolved": "https://registry.npmjs.org/@types/node-sass/-/node-sass-4.11.0.tgz",
      "integrity": "sha512-uNpVWhwVmbB5luE7b8vxcJwu5np75YkVTBJS0O3ar+hrxqLfyhOKXg9NYBwJ6mMQX/V6/8d6mMZTB7x2r5x9Bw==",
      "dev": true,
      "requires": {
        "@types/node": "*"
      }
    },
    "@types/range-parser": {
      "version": "1.2.3",
      "resolved": "https://registry.npmjs.org/@types/range-parser/-/range-parser-1.2.3.tgz",
      "integrity": "sha512-ewFXqrQHlFsgc09MK5jP5iR7vumV/BYayNC6PgJO2LPe8vrnNFyjQjSppfEngITi0qvfKtzFvgKymGheFM9UOA==",
      "dev": true
    },
    "@types/relateurl": {
      "version": "0.2.28",
      "resolved": "https://registry.npmjs.org/@types/relateurl/-/relateurl-0.2.28.tgz",
      "integrity": "sha1-a9p9uGU/piZD9e5p6facEaOS46Y=",
      "dev": true
    },
    "@types/sass": {
      "version": "1.16.0",
      "resolved": "https://registry.npmjs.org/@types/sass/-/sass-1.16.0.tgz",
      "integrity": "sha512-2XZovu4NwcqmtZtsBR5XYLw18T8cBCnU2USFHTnYLLHz9fkhnoEMoDsqShJIOFsFhn5aJHjweiUUdTrDGujegA==",
      "dev": true,
      "requires": {
        "@types/node": "*"
      }
    },
    "@types/serve-static": {
      "version": "1.13.3",
      "resolved": "https://registry.npmjs.org/@types/serve-static/-/serve-static-1.13.3.tgz",
      "integrity": "sha512-oprSwp094zOglVrXdlo/4bAHtKTAxX6VT8FOZlBKrmyLbNvE1zxZyJ6yikMVtHIvwP45+ZQGJn+FdXGKTozq0g==",
      "dev": true,
      "requires": {
        "@types/express-serve-static-core": "*",
        "@types/mime": "*"
      }
    },
    "@types/source-list-map": {
      "version": "0.1.2",
      "resolved": "https://registry.npmjs.org/@types/source-list-map/-/source-list-map-0.1.2.tgz",
      "integrity": "sha512-K5K+yml8LTo9bWJI/rECfIPrGgxdpeNbj+d53lwN4QjW1MCwlkhUms+gtdzigTeUyBr09+u8BwOIY3MXvHdcsA==",
      "dev": true
    },
    "@types/tapable": {
      "version": "1.0.4",
      "resolved": "https://registry.npmjs.org/@types/tapable/-/tapable-1.0.4.tgz",
      "integrity": "sha512-78AdXtlhpCHT0K3EytMpn4JNxaf5tbqbLcbIRoQIHzpTIyjpxLQKRoxU55ujBXAtg3Nl2h/XWvfDa9dsMOd0pQ==",
      "dev": true
    },
    "@types/uglify-js": {
      "version": "3.0.4",
      "resolved": "https://registry.npmjs.org/@types/uglify-js/-/uglify-js-3.0.4.tgz",
      "integrity": "sha512-SudIN9TRJ+v8g5pTG8RRCqfqTMNqgWCKKd3vtynhGzkIIjxaicNAMuY5TRadJ6tzDu3Dotf3ngaMILtmOdmWEQ==",
      "dev": true,
      "requires": {
        "source-map": "^0.6.1"
      },
      "dependencies": {
        "source-map": {
          "version": "0.6.1",
          "resolved": "https://registry.npmjs.org/source-map/-/source-map-0.6.1.tgz",
          "integrity": "sha512-UjgapumWlbMhkBgzT7Ykc5YXUT46F0iKu8SGXq0bcwP5dz/h0Plj6enJqjz1Zbq2l5WaqYnrVbwWOWMyF3F47g==",
          "dev": true
        }
      }
    },
    "@types/webpack": {
      "version": "4.39.4",
      "resolved": "https://registry.npmjs.org/@types/webpack/-/webpack-4.39.4.tgz",
      "integrity": "sha512-VubX3/qXtpWmHhd422GdtAHwAMLHSsgXx0dtspd2DZ7pMnCRKjduJN8Zp5Ex4e1fH4FKFBBgWTvsry0WL8wHsQ==",
      "dev": true,
      "requires": {
        "@types/anymatch": "*",
        "@types/node": "*",
        "@types/tapable": "*",
        "@types/uglify-js": "*",
        "@types/webpack-sources": "*",
        "source-map": "^0.6.0"
      }
    },
    "@types/webpack-dev-server": {
      "version": "3.1.7",
      "resolved": "https://registry.npmjs.org/@types/webpack-dev-server/-/webpack-dev-server-3.1.7.tgz",
      "integrity": "sha512-VIRkDkBDuOkYRXQ1EG/etisQ3odo6pcjSmA1Si4VYANuNhSBsLxfuPGeGERwCx1nDKxK3aaXnicPzi0gUvxUaw==",
      "dev": true,
      "requires": {
        "@types/connect-history-api-fallback": "*",
        "@types/express": "*",
        "@types/http-proxy-middleware": "*",
        "@types/serve-static": "*",
        "@types/webpack": "*"
      }
    },
    "@types/webpack-merge": {
      "version": "4.1.5",
      "resolved": "https://registry.npmjs.org/@types/webpack-merge/-/webpack-merge-4.1.5.tgz",
      "integrity": "sha512-cbDo592ljSHeaVe5Q39JKN6Z4vMhmo4+C3JbksOIg+kjhKQYN2keGN7dvr/i18+dughij98Qrsfn1mU9NgVoCA==",
      "dev": true,
      "requires": {
        "@types/webpack": "*"
      }
    },
    "@types/webpack-sources": {
      "version": "0.1.5",
      "resolved": "https://registry.npmjs.org/@types/webpack-sources/-/webpack-sources-0.1.5.tgz",
      "integrity": "sha512-zfvjpp7jiafSmrzJ2/i3LqOyTYTuJ7u1KOXlKgDlvsj9Rr0x7ZiYu5lZbXwobL7lmsRNtPXlBfmaUD8eU2Hu8w==",
      "dev": true,
      "requires": {
        "@types/node": "*",
        "@types/source-list-map": "*",
        "source-map": "^0.6.1"
      }
    },
    "ansi-styles": {
      "version": "3.2.1",
      "resolved": "https://registry.npmjs.org/ansi-styles/-/ansi-styles-3.2.1.tgz",
      "integrity": "sha512-VT0ZI6kZRdTh8YyJw3SMbYm/u+NqfsAxEpWO0Pf9sq8/e94WxxOpPKx9FR1FlyCtOVDNOQ+8ntlqFxiRc+r5qA==",
      "requires": {
        "color-convert": "^1.9.0"
      }
    },
    "autoprefixer": {
      "version": "9.6.4",
      "resolved": "https://registry.npmjs.org/autoprefixer/-/autoprefixer-9.6.4.tgz",
      "integrity": "sha512-Koz2cJU9dKOxG8P1f8uVaBntOv9lP4yz9ffWvWaicv9gHBPhpQB22nGijwd8gqW9CNT+UdkbQOQNLVI8jN1ZfQ==",
      "requires": {
        "browserslist": "^4.7.0",
        "caniuse-lite": "^1.0.30000998",
        "chalk": "^2.4.2",
        "normalize-range": "^0.1.2",
        "num2fraction": "^1.2.2",
        "postcss": "^7.0.18",
        "postcss-value-parser": "^4.0.2"
      }
    },
    "balanced-match": {
      "version": "1.0.0",
      "resolved": "https://registry.npmjs.org/balanced-match/-/balanced-match-1.0.0.tgz",
      "integrity": "sha1-ibTRmasr7kneFk6gK4nORi1xt2c="
    },
    "big.js": {
      "version": "5.2.2",
      "resolved": "https://registry.npmjs.org/big.js/-/big.js-5.2.2.tgz",
      "integrity": "sha512-vyL2OymJxmarO8gxMr0mhChsO9QGwhynfuu4+MHTAW6czfq9humCB7rKpUjDd9YUiDPU4mzpyupFSvOClAwbmQ=="
    },
    "browserslist": {
      "version": "4.7.0",
      "resolved": "https://registry.npmjs.org/browserslist/-/browserslist-4.7.0.tgz",
      "integrity": "sha512-9rGNDtnj+HaahxiVV38Gn8n8Lr8REKsel68v1sPFfIGEK6uSXTY3h9acgiT1dZVtOOUtifo/Dn8daDQ5dUgVsA==",
      "requires": {
        "caniuse-lite": "^1.0.30000989",
        "electron-to-chromium": "^1.3.247",
        "node-releases": "^1.1.29"
      }
    },
    "caniuse-lite": {
      "version": "1.0.30000999",
      "resolved": "https://registry.npmjs.org/caniuse-lite/-/caniuse-lite-1.0.30000999.tgz",
      "integrity": "sha512-1CUyKyecPeksKwXZvYw0tEoaMCo/RwBlXmEtN5vVnabvO0KPd9RQLcaAuR9/1F+KDMv6esmOFWlsXuzDk+8rxg=="
    },
    "chalk": {
      "version": "2.4.2",
      "resolved": "https://registry.npmjs.org/chalk/-/chalk-2.4.2.tgz",
      "integrity": "sha512-Mti+f9lpJNcwF4tWV8/OrTTtF1gZi+f8FqlyAdouralcFWFQWF2+NgCHShjkCb+IFBLq9buZwE1xckQU4peSuQ==",
      "requires": {
        "ansi-styles": "^3.2.1",
        "escape-string-regexp": "^1.0.5",
        "supports-color": "^5.3.0"
      },
      "dependencies": {
        "supports-color": {
          "version": "5.5.0",
          "resolved": "https://registry.npmjs.org/supports-color/-/supports-color-5.5.0.tgz",
          "integrity": "sha512-QjVjwdXIt408MIiAqCX4oUKsgU2EqAGzs2Ppkm4aQYbjm+ZEWEcW4SfFNTr4uMNZma0ey4f5lgLrkB0aX0QMow==",
          "requires": {
            "has-flag": "^3.0.0"
          }
        }
      }
    },
    "color-convert": {
      "version": "1.9.3",
      "resolved": "https://registry.npmjs.org/color-convert/-/color-convert-1.9.3.tgz",
      "integrity": "sha512-QfAUtd+vFdAtFQcC8CCyYt1fYWxSqAiK2cSD6zDB8N3cpsEBAvRxp9zOGg6G/SHHJYAT88/az/IuDGALsNVbGg==",
      "requires": {
        "color-name": "1.1.3"
      }
    },
    "color-name": {
      "version": "1.1.3",
      "resolved": "https://registry.npmjs.org/color-name/-/color-name-1.1.3.tgz",
      "integrity": "sha1-p9BVi9icQveV3UIyj3QIMcpTvCU="
    },
    "css-blank-pseudo": {
      "version": "0.1.4",
      "resolved": "https://registry.npmjs.org/css-blank-pseudo/-/css-blank-pseudo-0.1.4.tgz",
      "integrity": "sha512-LHz35Hr83dnFeipc7oqFDmsjHdljj3TQtxGGiNWSOsTLIAubSm4TEz8qCaKFpk7idaQ1GfWscF4E6mgpBysA1w==",
      "requires": {
        "postcss": "^7.0.5"
      }
    },
    "css-has-pseudo": {
      "version": "0.10.0",
      "resolved": "https://registry.npmjs.org/css-has-pseudo/-/css-has-pseudo-0.10.0.tgz",
      "integrity": "sha512-Z8hnfsZu4o/kt+AuFzeGpLVhFOGO9mluyHBaA2bA8aCGTwah5sT3WV/fTHH8UNZUytOIImuGPrl/prlb4oX4qQ==",
      "requires": {
        "postcss": "^7.0.6",
        "postcss-selector-parser": "^5.0.0-rc.4"
      },
      "dependencies": {
        "cssesc": {
          "version": "2.0.0",
          "resolved": "https://registry.npmjs.org/cssesc/-/cssesc-2.0.0.tgz",
          "integrity": "sha512-MsCAG1z9lPdoO/IUMLSBWBSVxVtJ1395VGIQ+Fc2gNdkQ1hNDnQdw3YhA71WJCBW1vdwA0cAnk/DnW6bqoEUYg=="
        },
        "postcss-selector-parser": {
          "version": "5.0.0",
          "resolved": "https://registry.npmjs.org/postcss-selector-parser/-/postcss-selector-parser-5.0.0.tgz",
          "integrity": "sha512-w+zLE5Jhg6Liz8+rQOWEAwtwkyqpfnmsinXjXg6cY7YIONZZtgvE0v2O0uhQBs0peNomOJwWRKt6JBfTdTd3OQ==",
          "requires": {
            "cssesc": "^2.0.0",
            "indexes-of": "^1.0.1",
            "uniq": "^1.0.1"
          }
        }
      }
    },
    "css-prefers-color-scheme": {
      "version": "3.1.1",
      "resolved": "https://registry.npmjs.org/css-prefers-color-scheme/-/css-prefers-color-scheme-3.1.1.tgz",
      "integrity": "sha512-MTu6+tMs9S3EUqzmqLXEcgNRbNkkD/TGFvowpeoWJn5Vfq7FMgsmRQs9X5NXAURiOBmOxm/lLjsDNXDE6k9bhg==",
      "requires": {
        "postcss": "^7.0.5"
      }
    },
    "cssdb": {
      "version": "4.4.0",
      "resolved": "https://registry.npmjs.org/cssdb/-/cssdb-4.4.0.tgz",
      "integrity": "sha512-LsTAR1JPEM9TpGhl/0p3nQecC2LJ0kD8X5YARu1hk/9I1gril5vDtMZyNxcEpxxDj34YNck/ucjuoUd66K03oQ=="
    },
    "electron-to-chromium": {
      "version": "1.3.277",
      "resolved": "https://registry.npmjs.org/electron-to-chromium/-/electron-to-chromium-1.3.277.tgz",
      "integrity": "sha512-Czmsrgng89DOgJlIknnw9bn5431QdtnUwGp5YYiPwU1DbZQUxCLF+rc1ZC09VNAdalOPcvH6AE8BaA0H5HjI/w=="
    },
    "emojis-list": {
      "version": "2.1.0",
      "resolved": "https://registry.npmjs.org/emojis-list/-/emojis-list-2.1.0.tgz",
      "integrity": "sha1-TapNnbAPmBmIDHn6RXrlsJof04k="
    },
    "escape-string-regexp": {
      "version": "1.0.5",
      "resolved": "https://registry.npmjs.org/escape-string-regexp/-/escape-string-regexp-1.0.5.tgz",
      "integrity": "sha1-G2HAViGQqN/2rjuyzwIAyhMLhtQ="
    },
    "esutils": {
      "version": "2.0.3",
      "resolved": "https://registry.npmjs.org/esutils/-/esutils-2.0.3.tgz",
      "integrity": "sha512-kVscqXk4OCp68SZ0dkgEKVi6/8ij300KBWTJq32P/dYeWTSwK41WyTxalN1eRmA5Z9UU/LX9D7FWSmV9SAYx6g==",
      "dev": true
    },
    "flatten": {
      "version": "1.0.2",
      "resolved": "https://registry.npmjs.org/flatten/-/flatten-1.0.2.tgz",
      "integrity": "sha1-2uRqnXj74lKSJYzB54CkHZXAN4I="
    },
    "has-flag": {
      "version": "3.0.0",
      "resolved": "https://registry.npmjs.org/has-flag/-/has-flag-3.0.0.tgz",
      "integrity": "sha1-tdRU3CGZriJWmfNGfloH87lVuv0="
    },
    "indexes-of": {
      "version": "1.0.1",
      "resolved": "https://registry.npmjs.org/indexes-of/-/indexes-of-1.0.1.tgz",
      "integrity": "sha1-8w9xbI4r00bHtn0985FVZqfAVgc="
    },
    "json5": {
      "version": "1.0.1",
      "resolved": "https://registry.npmjs.org/json5/-/json5-1.0.1.tgz",
      "integrity": "sha512-aKS4WQjPenRxiQsC93MNfjx+nbF4PAdYzmd/1JIj8HYzqfbu86beTuNgXDzPknWk0n0uARlyewZo4s++ES36Ow==",
      "requires": {
        "minimist": "^1.2.0"
      }
    },
    "loader-utils": {
      "version": "1.2.3",
      "resolved": "https://registry.npmjs.org/loader-utils/-/loader-utils-1.2.3.tgz",
      "integrity": "sha512-fkpz8ejdnEMG3s37wGL07iSBDg99O9D5yflE9RGNH3hRdx9SOwYfnGYdZOUIZitN8E+E2vkq3MUMYMvPYl5ZZA==",
      "requires": {
        "big.js": "^5.2.2",
        "emojis-list": "^2.0.0",
        "json5": "^1.0.1"
      }
    },
    "lodash": {
      "version": "4.17.15",
      "resolved": "https://registry.npmjs.org/lodash/-/lodash-4.17.15.tgz",
      "integrity": "sha512-8xOcRHvCjnocdS5cpwXQXVzmmh5e5+saE2QGoeQmbKmRS6J3VQppPOIt0MnmE+4xlZoumy0GPG0D0MVIQbNA1A=="
    },
    "lodash._reinterpolate": {
      "version": "3.0.0",
      "resolved": "https://registry.npmjs.org/lodash._reinterpolate/-/lodash._reinterpolate-3.0.0.tgz",
      "integrity": "sha1-DM8tiRZq8Ds2Y8eWU4t1rG4RTZ0="
    },
    "lodash.template": {
      "version": "4.5.0",
      "resolved": "https://registry.npmjs.org/lodash.template/-/lodash.template-4.5.0.tgz",
      "integrity": "sha512-84vYFxIkmidUiFxidA/KjjH9pAycqW+h980j7Fuz5qxRtO9pgB7MDFTdys1N7A5mcucRiDyEq4fusljItR1T/A==",
      "requires": {
        "lodash._reinterpolate": "^3.0.0",
        "lodash.templatesettings": "^4.0.0"
      }
    },
    "lodash.templatesettings": {
      "version": "4.2.0",
      "resolved": "https://registry.npmjs.org/lodash.templatesettings/-/lodash.templatesettings-4.2.0.tgz",
      "integrity": "sha512-stgLz+i3Aa9mZgnjr/O+v9ruKZsPsndy7qPZOchbqk2cnTU1ZaldKK+v7m54WoKIyxiuMZTKT2H81F8BeAc3ZQ==",
      "requires": {
        "lodash._reinterpolate": "^3.0.0"
      }
    },
    "minimist": {
      "version": "1.2.0",
      "resolved": "https://registry.npmjs.org/minimist/-/minimist-1.2.0.tgz",
      "integrity": "sha1-o1AIsg9BOD7sH7kU9M1d95omQoQ="
    },
    "node-releases": {
      "version": "1.1.34",
      "resolved": "https://registry.npmjs.org/node-releases/-/node-releases-1.1.34.tgz",
      "integrity": "sha512-fNn12JTEfniTuCqo0r9jXgl44+KxRH/huV7zM/KAGOKxDKrHr6EbT7SSs4B+DNxyBE2mks28AD+Jw6PkfY5uwA==",
      "requires": {
        "semver": "^6.3.0"
      },
      "dependencies": {
        "semver": {
          "version": "6.3.0",
          "resolved": "https://registry.npmjs.org/semver/-/semver-6.3.0.tgz",
          "integrity": "sha512-b39TBaTSfV6yBrapU89p5fKekE2m/NwnDocOVruQFS1/veMgdzuPcnOM34M6CwxW8jH/lxEa5rBoDeUwu5HHTw=="
        }
      }
    },
    "normalize-range": {
      "version": "0.1.2",
      "resolved": "https://registry.npmjs.org/normalize-range/-/normalize-range-0.1.2.tgz",
      "integrity": "sha1-LRDAa9/TEuqXd2laTShDlFa3WUI="
    },
    "num2fraction": {
      "version": "1.2.2",
      "resolved": "https://registry.npmjs.org/num2fraction/-/num2fraction-1.2.2.tgz",
      "integrity": "sha1-b2gragJ6Tp3fpFZM0lidHU5mnt4="
    },
    "postcss": {
      "version": "7.0.18",
      "resolved": "https://registry.npmjs.org/postcss/-/postcss-7.0.18.tgz",
      "integrity": "sha512-/7g1QXXgegpF+9GJj4iN7ChGF40sYuGYJ8WZu8DZWnmhQ/G36hfdk3q9LBJmoK+lZ+yzZ5KYpOoxq7LF1BxE8g==",
      "requires": {
        "chalk": "^2.4.2",
        "source-map": "^0.6.1",
        "supports-color": "^6.1.0"
      },
      "dependencies": {
        "source-map": {
          "version": "0.6.1",
          "resolved": "https://registry.npmjs.org/source-map/-/source-map-0.6.1.tgz",
          "integrity": "sha512-UjgapumWlbMhkBgzT7Ykc5YXUT46F0iKu8SGXq0bcwP5dz/h0Plj6enJqjz1Zbq2l5WaqYnrVbwWOWMyF3F47g=="
        }
      }
    },
    "postcss-attribute-case-insensitive": {
      "version": "4.0.1",
      "resolved": "https://registry.npmjs.org/postcss-attribute-case-insensitive/-/postcss-attribute-case-insensitive-4.0.1.tgz",
      "integrity": "sha512-L2YKB3vF4PetdTIthQVeT+7YiSzMoNMLLYxPXXppOOP7NoazEAy45sh2LvJ8leCQjfBcfkYQs8TtCcQjeZTp8A==",
      "requires": {
        "postcss": "^7.0.2",
        "postcss-selector-parser": "^5.0.0"
      },
      "dependencies": {
        "cssesc": {
          "version": "2.0.0",
          "resolved": "https://registry.npmjs.org/cssesc/-/cssesc-2.0.0.tgz",
          "integrity": "sha512-MsCAG1z9lPdoO/IUMLSBWBSVxVtJ1395VGIQ+Fc2gNdkQ1hNDnQdw3YhA71WJCBW1vdwA0cAnk/DnW6bqoEUYg=="
        },
        "postcss-selector-parser": {
          "version": "5.0.0",
          "resolved": "https://registry.npmjs.org/postcss-selector-parser/-/postcss-selector-parser-5.0.0.tgz",
          "integrity": "sha512-w+zLE5Jhg6Liz8+rQOWEAwtwkyqpfnmsinXjXg6cY7YIONZZtgvE0v2O0uhQBs0peNomOJwWRKt6JBfTdTd3OQ==",
          "requires": {
            "cssesc": "^2.0.0",
            "indexes-of": "^1.0.1",
            "uniq": "^1.0.1"
          }
        }
      }
    },
    "postcss-color-functional-notation": {
      "version": "2.0.1",
      "resolved": "https://registry.npmjs.org/postcss-color-functional-notation/-/postcss-color-functional-notation-2.0.1.tgz",
      "integrity": "sha512-ZBARCypjEDofW4P6IdPVTLhDNXPRn8T2s1zHbZidW6rPaaZvcnCS2soYFIQJrMZSxiePJ2XIYTlcb2ztr/eT2g==",
      "requires": {
        "postcss": "^7.0.2",
        "postcss-values-parser": "^2.0.0"
      }
    },
    "postcss-color-gray": {
      "version": "5.0.0",
      "resolved": "https://registry.npmjs.org/postcss-color-gray/-/postcss-color-gray-5.0.0.tgz",
      "integrity": "sha512-q6BuRnAGKM/ZRpfDascZlIZPjvwsRye7UDNalqVz3s7GDxMtqPY6+Q871liNxsonUw8oC61OG+PSaysYpl1bnw==",
      "requires": {
        "@csstools/convert-colors": "^1.4.0",
        "postcss": "^7.0.5",
        "postcss-values-parser": "^2.0.0"
      }
    },
    "postcss-color-hex-alpha": {
      "version": "5.0.3",
      "resolved": "https://registry.npmjs.org/postcss-color-hex-alpha/-/postcss-color-hex-alpha-5.0.3.tgz",
      "integrity": "sha512-PF4GDel8q3kkreVXKLAGNpHKilXsZ6xuu+mOQMHWHLPNyjiUBOr75sp5ZKJfmv1MCus5/DWUGcK9hm6qHEnXYw==",
      "requires": {
        "postcss": "^7.0.14",
        "postcss-values-parser": "^2.0.1"
      }
    },
    "postcss-color-mod-function": {
      "version": "3.0.3",
      "resolved": "https://registry.npmjs.org/postcss-color-mod-function/-/postcss-color-mod-function-3.0.3.tgz",
      "integrity": "sha512-YP4VG+xufxaVtzV6ZmhEtc+/aTXH3d0JLpnYfxqTvwZPbJhWqp8bSY3nfNzNRFLgB4XSaBA82OE4VjOOKpCdVQ==",
      "requires": {
        "@csstools/convert-colors": "^1.4.0",
        "postcss": "^7.0.2",
        "postcss-values-parser": "^2.0.0"
      }
    },
    "postcss-color-rebeccapurple": {
      "version": "4.0.1",
      "resolved": "https://registry.npmjs.org/postcss-color-rebeccapurple/-/postcss-color-rebeccapurple-4.0.1.tgz",
      "integrity": "sha512-aAe3OhkS6qJXBbqzvZth2Au4V3KieR5sRQ4ptb2b2O8wgvB3SJBsdG+jsn2BZbbwekDG8nTfcCNKcSfe/lEy8g==",
      "requires": {
        "postcss": "^7.0.2",
        "postcss-values-parser": "^2.0.0"
      }
    },
    "postcss-custom-media": {
      "version": "7.0.8",
      "resolved": "https://registry.npmjs.org/postcss-custom-media/-/postcss-custom-media-7.0.8.tgz",
      "integrity": "sha512-c9s5iX0Ge15o00HKbuRuTqNndsJUbaXdiNsksnVH8H4gdc+zbLzr/UasOwNG6CTDpLFekVY4672eWdiiWu2GUg==",
      "requires": {
        "postcss": "^7.0.14"
      }
    },
    "postcss-custom-properties": {
      "version": "8.0.11",
      "resolved": "https://registry.npmjs.org/postcss-custom-properties/-/postcss-custom-properties-8.0.11.tgz",
      "integrity": "sha512-nm+o0eLdYqdnJ5abAJeXp4CEU1c1k+eB2yMCvhgzsds/e0umabFrN6HoTy/8Q4K5ilxERdl/JD1LO5ANoYBeMA==",
      "requires": {
        "postcss": "^7.0.17",
        "postcss-values-parser": "^2.0.1"
      }
    },
    "postcss-custom-selectors": {
      "version": "5.1.2",
      "resolved": "https://registry.npmjs.org/postcss-custom-selectors/-/postcss-custom-selectors-5.1.2.tgz",
      "integrity": "sha512-DSGDhqinCqXqlS4R7KGxL1OSycd1lydugJ1ky4iRXPHdBRiozyMHrdu0H3o7qNOCiZwySZTUI5MV0T8QhCLu+w==",
      "requires": {
        "postcss": "^7.0.2",
        "postcss-selector-parser": "^5.0.0-rc.3"
      },
      "dependencies": {
        "cssesc": {
          "version": "2.0.0",
          "resolved": "https://registry.npmjs.org/cssesc/-/cssesc-2.0.0.tgz",
          "integrity": "sha512-MsCAG1z9lPdoO/IUMLSBWBSVxVtJ1395VGIQ+Fc2gNdkQ1hNDnQdw3YhA71WJCBW1vdwA0cAnk/DnW6bqoEUYg=="
        },
        "postcss-selector-parser": {
          "version": "5.0.0",
          "resolved": "https://registry.npmjs.org/postcss-selector-parser/-/postcss-selector-parser-5.0.0.tgz",
          "integrity": "sha512-w+zLE5Jhg6Liz8+rQOWEAwtwkyqpfnmsinXjXg6cY7YIONZZtgvE0v2O0uhQBs0peNomOJwWRKt6JBfTdTd3OQ==",
          "requires": {
            "cssesc": "^2.0.0",
            "indexes-of": "^1.0.1",
            "uniq": "^1.0.1"
          }
        }
      }
    },
    "postcss-dir-pseudo-class": {
      "version": "5.0.0",
      "resolved": "https://registry.npmjs.org/postcss-dir-pseudo-class/-/postcss-dir-pseudo-class-5.0.0.tgz",
      "integrity": "sha512-3pm4oq8HYWMZePJY+5ANriPs3P07q+LW6FAdTlkFH2XqDdP4HeeJYMOzn0HYLhRSjBO3fhiqSwwU9xEULSrPgw==",
      "requires": {
        "postcss": "^7.0.2",
        "postcss-selector-parser": "^5.0.0-rc.3"
      },
      "dependencies": {
        "cssesc": {
          "version": "2.0.0",
          "resolved": "https://registry.npmjs.org/cssesc/-/cssesc-2.0.0.tgz",
          "integrity": "sha512-MsCAG1z9lPdoO/IUMLSBWBSVxVtJ1395VGIQ+Fc2gNdkQ1hNDnQdw3YhA71WJCBW1vdwA0cAnk/DnW6bqoEUYg=="
        },
        "postcss-selector-parser": {
          "version": "5.0.0",
          "resolved": "https://registry.npmjs.org/postcss-selector-parser/-/postcss-selector-parser-5.0.0.tgz",
          "integrity": "sha512-w+zLE5Jhg6Liz8+rQOWEAwtwkyqpfnmsinXjXg6cY7YIONZZtgvE0v2O0uhQBs0peNomOJwWRKt6JBfTdTd3OQ==",
          "requires": {
            "cssesc": "^2.0.0",
            "indexes-of": "^1.0.1",
            "uniq": "^1.0.1"
          }
        }
      }
    },
    "postcss-double-position-gradients": {
      "version": "1.0.0",
      "resolved": "https://registry.npmjs.org/postcss-double-position-gradients/-/postcss-double-position-gradients-1.0.0.tgz",
      "integrity": "sha512-G+nV8EnQq25fOI8CH/B6krEohGWnF5+3A6H/+JEpOncu5dCnkS1QQ6+ct3Jkaepw1NGVqqOZH6lqrm244mCftA==",
      "requires": {
        "postcss": "^7.0.5",
        "postcss-values-parser": "^2.0.0"
      }
    },
    "postcss-env-function": {
      "version": "2.0.2",
      "resolved": "https://registry.npmjs.org/postcss-env-function/-/postcss-env-function-2.0.2.tgz",
      "integrity": "sha512-rwac4BuZlITeUbiBq60h/xbLzXY43qOsIErngWa4l7Mt+RaSkT7QBjXVGTcBHupykkblHMDrBFh30zchYPaOUw==",
      "requires": {
        "postcss": "^7.0.2",
        "postcss-values-parser": "^2.0.0"
      }
    },
    "postcss-focus-visible": {
      "version": "4.0.0",
      "resolved": "https://registry.npmjs.org/postcss-focus-visible/-/postcss-focus-visible-4.0.0.tgz",
      "integrity": "sha512-Z5CkWBw0+idJHSV6+Bgf2peDOFf/x4o+vX/pwcNYrWpXFrSfTkQ3JQ1ojrq9yS+upnAlNRHeg8uEwFTgorjI8g==",
      "requires": {
        "postcss": "^7.0.2"
      }
    },
    "postcss-focus-within": {
      "version": "3.0.0",
      "resolved": "https://registry.npmjs.org/postcss-focus-within/-/postcss-focus-within-3.0.0.tgz",
      "integrity": "sha512-W0APui8jQeBKbCGZudW37EeMCjDeVxKgiYfIIEo8Bdh5SpB9sxds/Iq8SEuzS0Q4YFOlG7EPFulbbxujpkrV2w==",
      "requires": {
        "postcss": "^7.0.2"
      }
    },
    "postcss-font-variant": {
      "version": "4.0.0",
      "resolved": "https://registry.npmjs.org/postcss-font-variant/-/postcss-font-variant-4.0.0.tgz",
      "integrity": "sha512-M8BFYKOvCrI2aITzDad7kWuXXTm0YhGdP9Q8HanmN4EF1Hmcgs1KK5rSHylt/lUJe8yLxiSwWAHdScoEiIxztg==",
      "requires": {
        "postcss": "^7.0.2"
      }
    },
    "postcss-gap-properties": {
      "version": "2.0.0",
      "resolved": "https://registry.npmjs.org/postcss-gap-properties/-/postcss-gap-properties-2.0.0.tgz",
      "integrity": "sha512-QZSqDaMgXCHuHTEzMsS2KfVDOq7ZFiknSpkrPJY6jmxbugUPTuSzs/vuE5I3zv0WAS+3vhrlqhijiprnuQfzmg==",
      "requires": {
        "postcss": "^7.0.2"
      }
    },
    "postcss-image-set-function": {
      "version": "3.0.1",
      "resolved": "https://registry.npmjs.org/postcss-image-set-function/-/postcss-image-set-function-3.0.1.tgz",
      "integrity": "sha512-oPTcFFip5LZy8Y/whto91L9xdRHCWEMs3e1MdJxhgt4jy2WYXfhkng59fH5qLXSCPN8k4n94p1Czrfe5IOkKUw==",
      "requires": {
        "postcss": "^7.0.2",
        "postcss-values-parser": "^2.0.0"
      }
    },
    "postcss-initial": {
      "version": "3.0.1",
      "resolved": "https://registry.npmjs.org/postcss-initial/-/postcss-initial-3.0.1.tgz",
      "integrity": "sha512-I2Sz83ZSHybMNh02xQDK609lZ1/QOyYeuizCjzEhlMgeV/HcDJapQiH4yTqLjZss0X6/6VvKFXUeObaHpJoINw==",
      "requires": {
        "lodash.template": "^4.5.0",
        "postcss": "^7.0.2"
      }
    },
    "postcss-lab-function": {
      "version": "2.0.1",
      "resolved": "https://registry.npmjs.org/postcss-lab-function/-/postcss-lab-function-2.0.1.tgz",
      "integrity": "sha512-whLy1IeZKY+3fYdqQFuDBf8Auw+qFuVnChWjmxm/UhHWqNHZx+B99EwxTvGYmUBqe3Fjxs4L1BoZTJmPu6usVg==",
      "requires": {
        "@csstools/convert-colors": "^1.4.0",
        "postcss": "^7.0.2",
        "postcss-values-parser": "^2.0.0"
      }
    },
    "postcss-logical": {
      "version": "3.0.0",
      "resolved": "https://registry.npmjs.org/postcss-logical/-/postcss-logical-3.0.0.tgz",
      "integrity": "sha512-1SUKdJc2vuMOmeItqGuNaC+N8MzBWFWEkAnRnLpFYj1tGGa7NqyVBujfRtgNa2gXR+6RkGUiB2O5Vmh7E2RmiA==",
      "requires": {
        "postcss": "^7.0.2"
      }
    },
    "postcss-media-minmax": {
      "version": "4.0.0",
      "resolved": "https://registry.npmjs.org/postcss-media-minmax/-/postcss-media-minmax-4.0.0.tgz",
      "integrity": "sha512-fo9moya6qyxsjbFAYl97qKO9gyre3qvbMnkOZeZwlsW6XYFsvs2DMGDlchVLfAd8LHPZDxivu/+qW2SMQeTHBw==",
      "requires": {
        "postcss": "^7.0.2"
      }
    },
    "postcss-nesting": {
      "version": "7.0.1",
      "resolved": "https://registry.npmjs.org/postcss-nesting/-/postcss-nesting-7.0.1.tgz",
      "integrity": "sha512-FrorPb0H3nuVq0Sff7W2rnc3SmIcruVC6YwpcS+k687VxyxO33iE1amna7wHuRVzM8vfiYofXSBHNAZ3QhLvYg==",
      "requires": {
        "postcss": "^7.0.2"
      }
    },
    "postcss-overflow-shorthand": {
      "version": "2.0.0",
      "resolved": "https://registry.npmjs.org/postcss-overflow-shorthand/-/postcss-overflow-shorthand-2.0.0.tgz",
      "integrity": "sha512-aK0fHc9CBNx8jbzMYhshZcEv8LtYnBIRYQD5i7w/K/wS9c2+0NSR6B3OVMu5y0hBHYLcMGjfU+dmWYNKH0I85g==",
      "requires": {
        "postcss": "^7.0.2"
      }
    },
    "postcss-page-break": {
      "version": "2.0.0",
      "resolved": "https://registry.npmjs.org/postcss-page-break/-/postcss-page-break-2.0.0.tgz",
      "integrity": "sha512-tkpTSrLpfLfD9HvgOlJuigLuk39wVTbbd8RKcy8/ugV2bNBUW3xU+AIqyxhDrQr1VUj1RmyJrBn1YWrqUm9zAQ==",
      "requires": {
        "postcss": "^7.0.2"
      }
    },
    "postcss-place": {
      "version": "4.0.1",
      "resolved": "https://registry.npmjs.org/postcss-place/-/postcss-place-4.0.1.tgz",
      "integrity": "sha512-Zb6byCSLkgRKLODj/5mQugyuj9bvAAw9LqJJjgwz5cYryGeXfFZfSXoP1UfveccFmeq0b/2xxwcTEVScnqGxBg==",
      "requires": {
        "postcss": "^7.0.2",
        "postcss-values-parser": "^2.0.0"
      }
    },
    "postcss-preset-env": {
      "version": "6.7.0",
      "resolved": "https://registry.npmjs.org/postcss-preset-env/-/postcss-preset-env-6.7.0.tgz",
      "integrity": "sha512-eU4/K5xzSFwUFJ8hTdTQzo2RBLbDVt83QZrAvI07TULOkmyQlnYlpwep+2yIK+K+0KlZO4BvFcleOCCcUtwchg==",
      "requires": {
        "autoprefixer": "^9.6.1",
        "browserslist": "^4.6.4",
        "caniuse-lite": "^1.0.30000981",
        "css-blank-pseudo": "^0.1.4",
        "css-has-pseudo": "^0.10.0",
        "css-prefers-color-scheme": "^3.1.1",
        "cssdb": "^4.4.0",
        "postcss": "^7.0.17",
        "postcss-attribute-case-insensitive": "^4.0.1",
        "postcss-color-functional-notation": "^2.0.1",
        "postcss-color-gray": "^5.0.0",
        "postcss-color-hex-alpha": "^5.0.3",
        "postcss-color-mod-function": "^3.0.3",
        "postcss-color-rebeccapurple": "^4.0.1",
        "postcss-custom-media": "^7.0.8",
        "postcss-custom-properties": "^8.0.11",
        "postcss-custom-selectors": "^5.1.2",
        "postcss-dir-pseudo-class": "^5.0.0",
        "postcss-double-position-gradients": "^1.0.0",
        "postcss-env-function": "^2.0.2",
        "postcss-focus-visible": "^4.0.0",
        "postcss-focus-within": "^3.0.0",
        "postcss-font-variant": "^4.0.0",
        "postcss-gap-properties": "^2.0.0",
        "postcss-image-set-function": "^3.0.1",
        "postcss-initial": "^3.0.0",
        "postcss-lab-function": "^2.0.1",
        "postcss-logical": "^3.0.0",
        "postcss-media-minmax": "^4.0.0",
        "postcss-nesting": "^7.0.0",
        "postcss-overflow-shorthand": "^2.0.0",
        "postcss-page-break": "^2.0.0",
        "postcss-place": "^4.0.1",
        "postcss-pseudo-class-any-link": "^6.0.0",
        "postcss-replace-overflow-wrap": "^3.0.0",
        "postcss-selector-matches": "^4.0.0",
        "postcss-selector-not": "^4.0.0"
      }
    },
    "postcss-pseudo-class-any-link": {
      "version": "6.0.0",
      "resolved": "https://registry.npmjs.org/postcss-pseudo-class-any-link/-/postcss-pseudo-class-any-link-6.0.0.tgz",
      "integrity": "sha512-lgXW9sYJdLqtmw23otOzrtbDXofUdfYzNm4PIpNE322/swES3VU9XlXHeJS46zT2onFO7V1QFdD4Q9LiZj8mew==",
      "requires": {
        "postcss": "^7.0.2",
        "postcss-selector-parser": "^5.0.0-rc.3"
      },
      "dependencies": {
        "cssesc": {
          "version": "2.0.0",
          "resolved": "https://registry.npmjs.org/cssesc/-/cssesc-2.0.0.tgz",
          "integrity": "sha512-MsCAG1z9lPdoO/IUMLSBWBSVxVtJ1395VGIQ+Fc2gNdkQ1hNDnQdw3YhA71WJCBW1vdwA0cAnk/DnW6bqoEUYg=="
        },
        "postcss-selector-parser": {
          "version": "5.0.0",
          "resolved": "https://registry.npmjs.org/postcss-selector-parser/-/postcss-selector-parser-5.0.0.tgz",
          "integrity": "sha512-w+zLE5Jhg6Liz8+rQOWEAwtwkyqpfnmsinXjXg6cY7YIONZZtgvE0v2O0uhQBs0peNomOJwWRKt6JBfTdTd3OQ==",
          "requires": {
            "cssesc": "^2.0.0",
            "indexes-of": "^1.0.1",
            "uniq": "^1.0.1"
          }
        }
      }
    },
    "postcss-replace-overflow-wrap": {
      "version": "3.0.0",
      "resolved": "https://registry.npmjs.org/postcss-replace-overflow-wrap/-/postcss-replace-overflow-wrap-3.0.0.tgz",
      "integrity": "sha512-2T5hcEHArDT6X9+9dVSPQdo7QHzG4XKclFT8rU5TzJPDN7RIRTbO9c4drUISOVemLj03aezStHCR2AIcr8XLpw==",
      "requires": {
        "postcss": "^7.0.2"
      }
    },
    "postcss-scss": {
      "version": "2.0.0",
      "resolved": "https://registry.npmjs.org/postcss-scss/-/postcss-scss-2.0.0.tgz",
      "integrity": "sha512-um9zdGKaDZirMm+kZFKKVsnKPF7zF7qBAtIfTSnZXD1jZ0JNZIxdB6TxQOjCnlSzLRInVl2v3YdBh/M881C4ug==",
      "requires": {
        "postcss": "^7.0.0"
      }
    },
    "postcss-selector-matches": {
      "version": "4.0.0",
      "resolved": "https://registry.npmjs.org/postcss-selector-matches/-/postcss-selector-matches-4.0.0.tgz",
      "integrity": "sha512-LgsHwQR/EsRYSqlwdGzeaPKVT0Ml7LAT6E75T8W8xLJY62CE4S/l03BWIt3jT8Taq22kXP08s2SfTSzaraoPww==",
      "requires": {
        "balanced-match": "^1.0.0",
        "postcss": "^7.0.2"
      }
    },
    "postcss-selector-not": {
      "version": "4.0.0",
      "resolved": "https://registry.npmjs.org/postcss-selector-not/-/postcss-selector-not-4.0.0.tgz",
      "integrity": "sha512-W+bkBZRhqJaYN8XAnbbZPLWMvZD1wKTu0UxtFKdhtGjWYmxhkUneoeOhRJKdAE5V7ZTlnbHfCR+6bNwK9e1dTQ==",
      "requires": {
        "balanced-match": "^1.0.0",
        "postcss": "^7.0.2"
      }
    },
    "postcss-value-parser": {
      "version": "4.0.2",
      "resolved": "https://registry.npmjs.org/postcss-value-parser/-/postcss-value-parser-4.0.2.tgz",
      "integrity": "sha512-LmeoohTpp/K4UiyQCwuGWlONxXamGzCMtFxLq4W1nZVGIQLYvMCJx3yAF9qyyuFpflABI9yVdtJAqbihOsCsJQ=="
    },
    "postcss-values-parser": {
      "version": "2.0.1",
      "resolved": "https://registry.npmjs.org/postcss-values-parser/-/postcss-values-parser-2.0.1.tgz",
      "integrity": "sha512-2tLuBsA6P4rYTNKCXYG/71C7j1pU6pK503suYOmn4xYrQIzW+opD+7FAFNuGSdZC/3Qfy334QbeMu7MEb8gOxg==",
      "requires": {
        "flatten": "^1.0.2",
        "indexes-of": "^1.0.1",
        "uniq": "^1.0.1"
      }
    },
    "source-map": {
      "version": "0.6.1",
      "resolved": "https://registry.npmjs.org/source-map/-/source-map-0.6.1.tgz",
      "integrity": "sha512-UjgapumWlbMhkBgzT7Ykc5YXUT46F0iKu8SGXq0bcwP5dz/h0Plj6enJqjz1Zbq2l5WaqYnrVbwWOWMyF3F47g==",
      "dev": true
    },
    "supports-color": {
      "version": "6.1.0",
      "resolved": "https://registry.npmjs.org/supports-color/-/supports-color-6.1.0.tgz",
      "integrity": "sha512-qe1jfm1Mg7Nq/NSh6XE24gPXROEVsWHxC1LIx//XNlD9iw7YZQGjZNjYN7xGaEG6iKdA8EtNFW6R0gjnVXp+wQ==",
      "requires": {
        "has-flag": "^3.0.0"
      }
    },
    "to-fast-properties": {
      "version": "2.0.0",
      "resolved": "https://registry.npmjs.org/to-fast-properties/-/to-fast-properties-2.0.0.tgz",
      "integrity": "sha1-3F5pjL0HkmW8c+A3doGk5Og/YW4=",
      "dev": true
    },
    "uniq": {
      "version": "1.0.1",
      "resolved": "https://registry.npmjs.org/uniq/-/uniq-1.0.1.tgz",
      "integrity": "sha1-sxxa6CVIRKOoKBVBzisEuGWnNP8="
    },
    "webpack-merge": {
      "version": "4.2.2",
      "resolved": "https://registry.npmjs.org/webpack-merge/-/webpack-merge-4.2.2.tgz",
      "integrity": "sha512-TUE1UGoTX2Cd42j3krGYqObZbOD+xF7u28WB7tfUordytSjbWTIjK/8V0amkBfTYN4/pB/GIDlJZZ657BGG19g==",
      "requires": {
        "lodash": "^4.17.15"
      }
    }
  }
}
